
Microsoft Visual Studio Solution File, Format Version 12.00
# Visual Studio Version 17
VisualStudioVersion = 17.14.37012.4
MinimumVisualStudioVersion = 10.0.40219.1
Project("{FAE04EC0-301F-11D3-BF4B-00C04F79EFBC}") = "Presentation", "Presentation.csproj", "{26A86C77-FA74-43CA-80EF-85DD40C17551}"
EndProject
Project("{FAE04EC0-301F-11D3-BF4B-00C04F79EFBC}") = "Buisness", "..\Buisness\Buisness.csproj", "{64168AA4-EF98-4F5A-BBDD-1582D02BC74D}"
EndProject
Project("{FAE04EC0-301F-11D3-BF4B-00C04F79EFBC}") = "DataAccess", "..\DataAccess\DataAccess.csproj", "{B6F413FD-DCF3-497A-BB6C-6587750A3D22}"
EndProject
Global
	GlobalSection(SolutionConfigurationPlatforms) = preSolution
		Debug|Any CPU = Debug|Any CPU
		Release|Any CPU = Release|Any CPU
	EndGlobalSection
	GlobalSection(ProjectConfigurationPlatforms) = postSolution
		{26A86C77-FA74-43CA-80EF-85DD40C17551}.Debug|Any CPU.ActiveCfg = Debug|Any CPU
		{26A86C77-FA74-43CA-80EF-85DD40C17551}.Debug|Any CPU.Build.0 = Debug|Any CPU
		{26A86C77-FA74-43CA-80EF-85DD40C17551}.Release|Any CPU.ActiveCfg = Release|Any CPU
		{26A86C77-FA74-43CA-80EF-85DD40C17551}.Release|Any CPU.Build.0 = Release|Any CPU
		{64168AA4-EF98-4F5A-BBDD-1582D02BC74D}.Debug|Any CPU.ActiveCfg = Debug|Any CPU
		{64168AA4-EF98-4F5A-BBDD-1582D02BC74D}.Debug|Any CPU.Build.0 = Debug|Any CPU
		{64168AA4-EF98-4F5A-BBDD-1582D02BC74D}.Release|Any CPU.ActiveCfg = Release|Any CPU
		{64168AA4-EF98-4F5A-BBDD-1582D02BC74D}.Release|Any CPU.Build.0 = Release|Any CPU
		{B6F413FD-DCF3-497A-BB6C-6587750A3D22}.Debug|Any CPU.ActiveCfg = Debug|Any CPU
		{B6F413FD-DCF3-497A-BB6C-6587750A3D22}.Debug|Any CPU.Build.0 = Debug|Any CPU
		{B6F413FD-DCF3-497A-BB6C-6587750A3D22}.Release|Any CPU.ActiveCfg = Release|Any CPU
		{B6F413FD-DCF3-497A-BB6C-6587750A3D22}.Release|Any CPU.Build.0 = Release|Any CPU
	EndGlobalSection
	GlobalSection(SolutionProperties) = preSolution
		HideSolutionNode = FALSE
	EndGlobalSection
	GlobalSection(ExtensibilityGlobals) = postSolution
		SolutionGuid = {96CF802F-F6E6-4E07-BBFA-0A62491F33EE}
	EndGlobalSection
EndGlobal
