
Microsoft Visual Studio Solution File, Format Version 12.00
# Visual Studio Version 17
VisualStudioVersion = 17.14.37012.4 d17.14
MinimumVisualStudioVersion = 10.0.40219.1
Project("{FAE04EC0-301F-11D3-BF4B-00C04F79EFBC}") = "DataAccess", "DataAccess.csproj", "{B6F413FD-DCF3-497A-BB6C-6587750A3D22}"
EndProject
Global
	GlobalSection(SolutionConfigurationPlatforms) = preSolution
		Debug|Any CPU = Debug|Any CPU
		Release|Any CPU = Release|Any CPU
	EndGlobalSection
	GlobalSection(ProjectConfigurationPlatforms) = postSolution
		{B6F413FD-DCF3-497A-BB6C-6587750A3D22}.Debug|Any CPU.ActiveCfg = Debug|Any CPU
		{B6F413FD-DCF3-497A-BB6C-6587750A3D22}.Debug|Any CPU.Build.0 = Debug|Any CPU
		{B6F413FD-DCF3-497A-BB6C-6587750A3D22}.Release|Any CPU.ActiveCfg = Release|Any CPU
		{B6F413FD-DCF3-497A-BB6C-6587750A3D22}.Release|Any CPU.Build.0 = Release|Any CPU
	EndGlobalSection
	GlobalSection(SolutionProperties) = preSolution
		HideSolutionNode = FALSE
	EndGlobalSection
	GlobalSection(ExtensibilityGlobals) = postSolution
		SolutionGuid = {FD497554-37E7-40BF-8FD5-C5CCCA56E122}
	EndGlobalSection
EndGlobal
